# THIS IS AN AUTOGENERATED FILE. DO NOT EDIT THIS FILE DIRECTLY.
# yarn lockfile v1


cross-fetch@^3.0.4:
  version "3.1.5"
  resolved "https://registry.yarnpkg.com/cross-fetch/-/cross-fetch-3.1.5.tgz#e1389f44d9e7ba767907f7af8454787952ab534f"
  integrity sha512-lvb1SBsI0Z7GDwmuid+mU3kWVBwTVUbe7S0H52yaaAdQOXq2YktTCZdlAcNKFzE6QtRz0snpw9bNiPeOIkkQvw==
  dependencies:
    node-fetch "2.6.7"

graphql-request@2.1.0-next.1:
  version "2.1.0-next.1"
  resolved "https://registry.yarnpkg.com/graphql-request/-/graphql-request-2.1.0-next.1.tgz#d0771d814ebcb39ea67208da12e301f3f5d6a80d"
  integrity sha512-9Qr+z4FCzxwFrnG9BE366v9KcgRXLv2bmFkj3RHfSQNDgPHCUM2mA83bwjhgxg4jig/F8X/pcceOZPwRkMleKQ==
  dependencies:
    cross-fetch "^3.0.4"

graphql@^15.3.0:
  version "15.3.0"
  resolved "https://registry.yarnpkg.com/graphql/-/graphql-15.3.0.tgz#3ad2b0caab0d110e3be4a5a9b2aa281e362b5278"
  integrity sha512-GTCJtzJmkFLWRfFJuoo9RWWa/FfamUHgiFosxi/X1Ani4AVWbeyBenZTNX6dM+7WSbbFfTo/25eh0LLkwHMw2w==

node-fetch@2.6.7, node-fetch@^2.6.0:
  version "2.6.7"
  resolved "https://registry.yarnpkg.com/node-fetch/-/node-fetch-2.6.7.tgz#24de9fba827e3b4ae44dc8b20256a379160052ad"
  integrity sha512-ZjMPFEfVx5j+y2yF35Kzx5sF7kDzxuDj6ziH4FFbOp87zKDZNx8yExJIb05OGF4Nlt9IHFIMBkRl41VdvcNdbQ==
  dependencies:
    whatwg-url "^5.0.0"

tr46@~0.0.3:
  version "0.0.3"
  resolved "https://registry.yarnpkg.com/tr46/-/tr46-0.0.3.tgz#8184fd347dac9cdc185992f3a6622e14b9d9ab6a"
  integrity sha1-gYT9NH2snNwYWZLzpmIuFLnZq2o=

webidl-conversions@^3.0.0:
  version "3.0.1"
  resolved "https://registry.yarnpkg.com/webidl-conversions/-/webidl-conversions-3.0.1.tgz#24534275e2a7bc6be7bc86611cc16ae0a5654871"
  integrity sha1-JFNCdeKnvGvnvIZhHMFq4KVlSHE=

whatwg-url@^5.0.0:
  version "5.0.0"
  resolved "https://registry.yarnpkg.com/whatwg-url/-/whatwg-url-5.0.0.tgz#966454e8765462e37644d3626f6742ce8b70965d"
  integrity sha1-lmRU6HZUYuN2RNNib2dCzotwll0=
  dependencies:
    tr46 "~0.0.3"
    webidl-conversions "^3.0.0"
